// !$*UTF8*$!
{
	archiveVersion = 1;
	classes = {
	};
	objectVersion = 46;
	objects = {

/* Begin PBXFileReference section */
		47E703EB1F5B05B0003836BF /* Print.swift */ = {isa = PBXFileReference; lastKnownFileType = sourcecode.swift; path = Print.swift; sourceTree = "<group>"; };
/* End PBXFileReference section */

/* Begin PBXGroup section */
		47E703E41F5B05A6003836BF = {
			isa = PBXGroup;
			children = (
				47E703EB1F5B05B0003836BF /* Print.swift */,
			);
			sourceTree = "<group>";
		};
/* End PBXGroup section */

/* Begin PBXProject section */
		47E703E51F5B05A6003836BF /* Project object */ = {
			isa = PBXProject;
			attributes = {
				LastUpgradeCheck = 0830;
			};
			buildConfigurationList = 47E703E81F5B05A6003836BF /* Build configuration list for PBXProject "DebugPrints" */;
			compatibilityVersion = "Xcode 3.2";
			developmentRegion = English;
			hasScannedForEncodings = 0;
			knownRegions = (
				en,
			);
			mainGroup = 47E703E41F5B05A6003836BF;
			projectDirPath = "";
			projectRoot = "";
			targets = (
			);
		};
/* End PBXProject section */

/* Begin XCBuildConfiguration section */
		47E703E91F5B05A6003836BF /* Debug */ = {
			isa = XCBuildConfiguration;
			buildSettings = {
			};
			name = Debug;
		};
		47E703EA1F5B05A6003836BF /* Release */ = {
			isa = XCBuildConfiguration;
			buildSettings = {
			};
			name = Release;
		};
/* End XCBuildConfiguration section */

/* Begin XCConfigurationList section */
		47E703E81F5B05A6003836BF /* Build configuration list for PBXProject "DebugPrints" */ = {
			isa = XCConfigurationList;
			buildConfigurations = (
				47E703E91F5B05A6003836BF /* Debug */,
				47E703EA1F5B05A6003836BF /* Release */,
			);
			defaultConfigurationIsVisible = 0;
			defaultConfigurationName = Release;
		};
/* End XCConfigurationList section */
	};
	rootObject = 47E703E51F5B05A6003836BF /* Project object */;
}
